
Microsoft Visual Studio Solution File, Format Version 12.00
# Visual Studio 15
VisualStudioVersion = 15.0.28010.2019
MinimumVisualStudioVersion = 10.0.40219.1
Project("{9A19103F-16F7-4668-BE54-9A1E7A4F7556}") = "4cast", "4cast.csproj", "{2749247A-8586-4ABD-A08D-AF145CD2764C}"
EndProject
Global
	GlobalSection(SolutionConfigurationPlatforms) = preSolution
		Debug|Any CPU = Debug|Any CPU
		Release|Any CPU = Release|Any CPU
	EndGlobalSection
	GlobalSection(ProjectConfigurationPlatforms) = postSolution
		{2749247A-8586-4ABD-A08D-AF145CD2764C}.Debug|Any CPU.ActiveCfg = Debug|Any CPU
		{2749247A-8586-4ABD-A08D-AF145CD2764C}.Debug|Any CPU.Build.0 = Debug|Any CPU
		{2749247A-8586-4ABD-A08D-AF145CD2764C}.Release|Any CPU.ActiveCfg = Release|Any CPU
		{2749247A-8586-4ABD-A08D-AF145CD2764C}.Release|Any CPU.Build.0 = Release|Any CPU
	EndGlobalSection
	GlobalSection(SolutionProperties) = preSolution
		HideSolutionNode = FALSE
	EndGlobalSection
	GlobalSection(ExtensibilityGlobals) = postSolution
		SolutionGuid = {3BA813A3-617B-4A40-9E62-964339D64480}
	EndGlobalSection
EndGlobal
